
Microsoft Visual Studio Solution File, Format Version 12.00
# Visual Studio Version 17
VisualStudioVersion = 17.5.33414.496
MinimumVisualStudioVersion = 10.0.40219.1
Project("{8BC9CEB8-8B4A-11D0-8D11-00A0C91BC942}") = "food project", "food project\food project.vcxproj", "{7426F958-A94F-43CF-8EC4-5C6E67586409}"
EndProject
Global
	GlobalSection(SolutionConfigurationPlatforms) = preSolution
		Debug|x64 = Debug|x64
		Debug|x86 = Debug|x86
		Release|x64 = Release|x64
		Release|x86 = Release|x86
	EndGlobalSection
	GlobalSection(ProjectConfigurationPlatforms) = postSolution
		{7426F958-A94F-43CF-8EC4-5C6E67586409}.Debug|x64.ActiveCfg = Debug|x64
		{7426F958-A94F-43CF-8EC4-5C6E67586409}.Debug|x64.Build.0 = Debug|x64
		{7426F958-A94F-43CF-8EC4-5C6E67586409}.Debug|x86.ActiveCfg = Debug|Win32
		{7426F958-A94F-43CF-8EC4-5C6E67586409}.Debug|x86.Build.0 = Debug|Win32
		{7426F958-A94F-43CF-8EC4-5C6E67586409}.Release|x64.ActiveCfg = Release|x64
		{7426F958-A94F-43CF-8EC4-5C6E67586409}.Release|x64.Build.0 = Release|x64
		{7426F958-A94F-43CF-8EC4-5C6E67586409}.Release|x86.ActiveCfg = Release|Win32
		{7426F958-A94F-43CF-8EC4-5C6E67586409}.Release|x86.Build.0 = Release|Win32
	EndGlobalSection
	GlobalSection(SolutionProperties) = preSolution
		HideSolutionNode = FALSE
	EndGlobalSection
	GlobalSection(ExtensibilityGlobals) = postSolution
		SolutionGuid = {BFD7F66C-245A-473C-8DE7-F2361C4BE6B8}
	EndGlobalSection
EndGlobal
